
Microsoft Visual Studio Solution File, Format Version 12.00
# Visual Studio 15
VisualStudioVersion = 15.0.28010.2050
MinimumVisualStudioVersion = 10.0.40219.1
Project("{FAE04EC0-301F-11D3-BF4B-00C04F79EFBC}") = "RusTarihi", "RusTarihi\RusTarihi.csproj", "{2311FC19-3FA3-4381-BF19-32087F84DC13}"
EndProject
Global
	GlobalSection(SolutionConfigurationPlatforms) = preSolution
		Debug|Any CPU = Debug|Any CPU
		Release|Any CPU = Release|Any CPU
	EndGlobalSection
	GlobalSection(ProjectConfigurationPlatforms) = postSolution
		{2311FC19-3FA3-4381-BF19-32087F84DC13}.Debug|Any CPU.ActiveCfg = Debug|Any CPU
		{2311FC19-3FA3-4381-BF19-32087F84DC13}.Debug|Any CPU.Build.0 = Debug|Any CPU
		{2311FC19-3FA3-4381-BF19-32087F84DC13}.Release|Any CPU.ActiveCfg = Release|Any CPU
		{2311FC19-3FA3-4381-BF19-32087F84DC13}.Release|Any CPU.Build.0 = Release|Any CPU
	EndGlobalSection
	GlobalSection(SolutionProperties) = preSolution
		HideSolutionNode = FALSE
	EndGlobalSection
	GlobalSection(ExtensibilityGlobals) = postSolution
		SolutionGuid = {DD9FF904-7CC7-4BA8-A727-6EE115C7CA97}
	EndGlobalSection
EndGlobal
